
Microsoft Visual Studio Solution File, Format Version 12.00
# Visual Studio Version 17
VisualStudioVersion = 17.13.35825.156 d17.13
MinimumVisualStudioVersion = 10.0.40219.1
Project("{FAE04EC0-301F-11D3-BF4B-00C04F79EFBC}") = "SY_LABEXAM", "SY_LABEXAM\SY_LABEXAM.csproj", "{55CC7713-BE92-4263-9F52-2D69A71809CF}"
EndProject
Global
	GlobalSection(SolutionConfigurationPlatforms) = preSolution
		Debug|Any CPU = Debug|Any CPU
		Release|Any CPU = Release|Any CPU
	EndGlobalSection
	GlobalSection(ProjectConfigurationPlatforms) = postSolution
		{55CC7713-BE92-4263-9F52-2D69A71809CF}.Debug|Any CPU.ActiveCfg = Debug|Any CPU
		{55CC7713-BE92-4263-9F52-2D69A71809CF}.Debug|Any CPU.Build.0 = Debug|Any CPU
		{55CC7713-BE92-4263-9F52-2D69A71809CF}.Release|Any CPU.ActiveCfg = Release|Any CPU
		{55CC7713-BE92-4263-9F52-2D69A71809CF}.Release|Any CPU.Build.0 = Release|Any CPU
	EndGlobalSection
	GlobalSection(SolutionProperties) = preSolution
		HideSolutionNode = FALSE
	EndGlobalSection
	GlobalSection(ExtensibilityGlobals) = postSolution
		SolutionGuid = {9EA23D39-46A0-41D6-952D-517E70D1CB06}
	EndGlobalSection
EndGlobal
